
Microsoft Visual Studio Solution File, Format Version 12.00
# Visual Studio Version 16
VisualStudioVersion = 16.0.29001.49
MinimumVisualStudioVersion = 10.0.40219.1
Project("{FAE04EC0-301F-11D3-BF4B-00C04F79EFBC}") = "Estudiantes", "Estudiantes\Estudiantes.csproj", "{E80E541A-F744-421E-A540-4A20E925A08D}"
EndProject
Global
	GlobalSection(SolutionConfigurationPlatforms) = preSolution
		Debug|Any CPU = Debug|Any CPU
		Release|Any CPU = Release|Any CPU
	EndGlobalSection
	GlobalSection(ProjectConfigurationPlatforms) = postSolution
		{E80E541A-F744-421E-A540-4A20E925A08D}.Debug|Any CPU.ActiveCfg = Debug|Any CPU
		{E80E541A-F744-421E-A540-4A20E925A08D}.Debug|Any CPU.Build.0 = Debug|Any CPU
		{E80E541A-F744-421E-A540-4A20E925A08D}.Release|Any CPU.ActiveCfg = Release|Any CPU
		{E80E541A-F744-421E-A540-4A20E925A08D}.Release|Any CPU.Build.0 = Release|Any CPU
	EndGlobalSection
	GlobalSection(SolutionProperties) = preSolution
		HideSolutionNode = FALSE
	EndGlobalSection
	GlobalSection(ExtensibilityGlobals) = postSolution
		SolutionGuid = {3F009BE8-5310-49F5-BFF3-9F1B2503A844}
	EndGlobalSection
EndGlobal
